
Microsoft Visual Studio Solution File, Format Version 12.00
# Visual Studio Version 17
VisualStudioVersion = 17.0.31903.59
MinimumVisualStudioVersion = 10.0.40219.1
Project("{2150E333-8FDC-42A3-9474-1A3956D46DE8}") = "src", "src", "{827E0CD3-B72D-47B6-A68D-7590B98EB39B}"
EndProject
Project("{FAE04EC0-301F-11D3-BF4B-00C04F79EFBC}") = "DataProofsDotnet.Core", "src\DataProofsDotnet.Core\DataProofsDotnet.Core.csproj", "{1DC0409A-1FB9-4999-820A-DC9D6978EA55}"
EndProject
Project("{FAE04EC0-301F-11D3-BF4B-00C04F79EFBC}") = "DataProofsDotnet.Cose", "src\DataProofsDotnet.Cose\DataProofsDotnet.Cose.csproj", "{A3CADFCC-34D1-4223-9AB3-F3141EAE7D29}"
EndProject
Project("{FAE04EC0-301F-11D3-BF4B-00C04F79EFBC}") = "DataProofsDotnet.Extensions.DependencyInjection", "src\DataProofsDotnet.Extensions.DependencyInjection\DataProofsDotnet.Extensions.DependencyInjection.csproj", "{43C1F9BF-6DDE-47F3-9809-097775C478F5}"
EndProject
Project("{FAE04EC0-301F-11D3-BF4B-00C04F79EFBC}") = "DataProofsDotnet.Jose", "src\DataProofsDotnet.Jose\DataProofsDotnet.Jose.csproj", "{72910785-B4A4-47C4-BA95-4E15B28685E5}"
EndProject
Project("{FAE04EC0-301F-11D3-BF4B-00C04F79EFBC}") = "DataProofsDotnet.Rdfc", "src\DataProofsDotnet.Rdfc\DataProofsDotnet.Rdfc.csproj", "{31DDDB3C-4DA7-47C3-8181-2E103E67D970}"
EndProject
Project("{2150E333-8FDC-42A3-9474-1A3956D46DE8}") = "tests", "tests", "{0AB3BF05-4346-4AA6-1389-037BE0695223}"
EndProject
Project("{FAE04EC0-301F-11D3-BF4B-00C04F79EFBC}") = "DataProofsDotnet.ApiSurface.Tests", "tests\DataProofsDotnet.ApiSurface.Tests\DataProofsDotnet.ApiSurface.Tests.csproj", "{2AA4412F-3CDA-432B-917B-B9FEB250DEA5}"
EndProject
Project("{FAE04EC0-301F-11D3-BF4B-00C04F79EFBC}") = "DataProofsDotnet.Core.Tests", "tests\DataProofsDotnet.Core.Tests\DataProofsDotnet.Core.Tests.csproj", "{291FC3B2-BED5-4586-92A6-E4AFA6955D23}"
EndProject
Project("{FAE04EC0-301F-11D3-BF4B-00C04F79EFBC}") = "DataProofsDotnet.Cose.Tests", "tests\DataProofsDotnet.Cose.Tests\DataProofsDotnet.Cose.Tests.csproj", "{9D6FD6A6-E6D8-4A50-BD11-0081C26A9443}"
EndProject
Project("{FAE04EC0-301F-11D3-BF4B-00C04F79EFBC}") = "DataProofsDotnet.Jose.Tests", "tests\DataProofsDotnet.Jose.Tests\DataProofsDotnet.Jose.Tests.csproj", "{DD3C71FA-0C9E-4ECF-8C60-6FE32BB740A2}"
EndProject
Project("{FAE04EC0-301F-11D3-BF4B-00C04F79EFBC}") = "DataProofsDotnet.Rdfc.Tests", "tests\DataProofsDotnet.Rdfc.Tests\DataProofsDotnet.Rdfc.Tests.csproj", "{D7D9BB12-C132-4E46-BBFF-B517B0CB29BE}"
EndProject
Project("{FAE04EC0-301F-11D3-BF4B-00C04F79EFBC}") = "DataProofsDotnet.Extensions.DependencyInjection.Tests", "tests\DataProofsDotnet.Extensions.DependencyInjection.Tests\DataProofsDotnet.Extensions.DependencyInjection.Tests.csproj", "{E9F90125-EB2C-46FD-9354-CCCB8C51DAEC}"
EndProject
Global
	GlobalSection(SolutionConfigurationPlatforms) = preSolution
		Debug|Any CPU = Debug|Any CPU
		Debug|x64 = Debug|x64
		Debug|x86 = Debug|x86
		Release|Any CPU = Release|Any CPU
		Release|x64 = Release|x64
		Release|x86 = Release|x86
	EndGlobalSection
	GlobalSection(ProjectConfigurationPlatforms) = postSolution
		{1DC0409A-1FB9-4999-820A-DC9D6978EA55}.Debug|Any CPU.ActiveCfg = Debug|Any CPU
		{1DC0409A-1FB9-4999-820A-DC9D6978EA55}.Debug|Any CPU.Build.0 = Debug|Any CPU
		{1DC0409A-1FB9-4999-820A-DC9D6978EA55}.Debug|x64.ActiveCfg = Debug|Any CPU
		{1DC0409A-1FB9-4999-820A-DC9D6978EA55}.Debug|x64.Build.0 = Debug|Any CPU
		{1DC0409A-1FB9-4999-820A-DC9D6978EA55}.Debug|x86.ActiveCfg = Debug|Any CPU
		{1DC0409A-1FB9-4999-820A-DC9D6978EA55}.Debug|x86.Build.0 = Debug|Any CPU
		{1DC0409A-1FB9-4999-820A-DC9D6978EA55}.Release|Any CPU.ActiveCfg = Release|Any CPU
		{1DC0409A-1FB9-4999-820A-DC9D6978EA55}.Release|Any CPU.Build.0 = Release|Any CPU
		{1DC0409A-1FB9-4999-820A-DC9D6978EA55}.Release|x64.ActiveCfg = Release|Any CPU
		{1DC0409A-1FB9-4999-820A-DC9D6978EA55}.Release|x64.Build.0 = Release|Any CPU
		{1DC0409A-1FB9-4999-820A-DC9D6978EA55}.Release|x86.ActiveCfg = Release|Any CPU
		{1DC0409A-1FB9-4999-820A-DC9D6978EA55}.Release|x86.Build.0 = Release|Any CPU
		{A3CADFCC-34D1-4223-9AB3-F3141EAE7D29}.Debug|Any CPU.ActiveCfg = Debug|Any CPU
		{A3CADFCC-34D1-4223-9AB3-F3141EAE7D29}.Debug|Any CPU.Build.0 = Debug|Any CPU
		{A3CADFCC-34D1-4223-9AB3-F3141EAE7D29}.Debug|x64.ActiveCfg = Debug|Any CPU
		{A3CADFCC-34D1-4223-9AB3-F3141EAE7D29}.Debug|x64.Build.0 = Debug|Any CPU
		{A3CADFCC-34D1-4223-9AB3-F3141EAE7D29}.Debug|x86.ActiveCfg = Debug|Any CPU
		{A3CADFCC-34D1-4223-9AB3-F3141EAE7D29}.Debug|x86.Build.0 = Debug|Any CPU
		{A3CADFCC-34D1-4223-9AB3-F3141EAE7D29}.Release|Any CPU.ActiveCfg = Release|Any CPU
		{A3CADFCC-34D1-4223-9AB3-F3141EAE7D29}.Release|Any CPU.Build.0 = Release|Any CPU
		{A3CADFCC-34D1-4223-9AB3-F3141EAE7D29}.Release|x64.ActiveCfg = Release|Any CPU
		{A3CADFCC-34D1-4223-9AB3-F3141EAE7D29}.Release|x64.Build.0 = Release|Any CPU
		{A3CADFCC-34D1-4223-9AB3-F3141EAE7D29}.Release|x86.ActiveCfg = Release|Any CPU
		{A3CADFCC-34D1-4223-9AB3-F3141EAE7D29}.Release|x86.Build.0 = Release|Any CPU
		{43C1F9BF-6DDE-47F3-9809-097775C478F5}.Debug|Any CPU.ActiveCfg = Debug|Any CPU
		{43C1F9BF-6DDE-47F3-9809-097775C478F5}.Debug|Any CPU.Build.0 = Debug|Any CPU
		{43C1F9BF-6DDE-47F3-9809-097775C478F5}.Debug|x64.ActiveCfg = Debug|Any CPU
		{43C1F9BF-6DDE-47F3-9809-097775C478F5}.Debug|x64.Build.0 = Debug|Any CPU
		{43C1F9BF-6DDE-47F3-9809-097775C478F5}.Debug|x86.ActiveCfg = Debug|Any CPU
		{43C1F9BF-6DDE-47F3-9809-097775C478F5}.Debug|x86.Build.0 = Debug|Any CPU
		{43C1F9BF-6DDE-47F3-9809-097775C478F5}.Release|Any CPU.ActiveCfg = Release|Any CPU
		{43C1F9BF-6DDE-47F3-9809-097775C478F5}.Release|Any CPU.Build.0 = Release|Any CPU
		{43C1F9BF-6DDE-47F3-9809-097775C478F5}.Release|x64.ActiveCfg = Release|Any CPU
		{43C1F9BF-6DDE-47F3-9809-097775C478F5}.Release|x64.Build.0 = Release|Any CPU
		{43C1F9BF-6DDE-47F3-9809-097775C478F5}.Release|x86.ActiveCfg = Release|Any CPU
		{43C1F9BF-6DDE-47F3-9809-097775C478F5}.Release|x86.Build.0 = Release|Any CPU
		{72910785-B4A4-47C4-BA95-4E15B28685E5}.Debug|Any CPU.ActiveCfg = Debug|Any CPU
		{72910785-B4A4-47C4-BA95-4E15B28685E5}.Debug|Any CPU.Build.0 = Debug|Any CPU
		{72910785-B4A4-47C4-BA95-4E15B28685E5}.Debug|x64.ActiveCfg = Debug|Any CPU
		{72910785-B4A4-47C4-BA95-4E15B28685E5}.Debug|x64.Build.0 = Debug|Any CPU
		{72910785-B4A4-47C4-BA95-4E15B28685E5}.Debug|x86.ActiveCfg = Debug|Any CPU
		{72910785-B4A4-47C4-BA95-4E15B28685E5}.Debug|x86.Build.0 = Debug|Any CPU
		{72910785-B4A4-47C4-BA95-4E15B28685E5}.Release|Any CPU.ActiveCfg = Release|Any CPU
		{72910785-B4A4-47C4-BA95-4E15B28685E5}.Release|Any CPU.Build.0 = Release|Any CPU
		{72910785-B4A4-47C4-BA95-4E15B28685E5}.Release|x64.ActiveCfg = Release|Any CPU
		{72910785-B4A4-47C4-BA95-4E15B28685E5}.Release|x64.Build.0 = Release|Any CPU
		{72910785-B4A4-47C4-BA95-4E15B28685E5}.Release|x86.ActiveCfg = Release|Any CPU
		{72910785-B4A4-47C4-BA95-4E15B28685E5}.Release|x86.Build.0 = Release|Any CPU
		{31DDDB3C-4DA7-47C3-8181-2E103E67D970}.Debug|Any CPU.ActiveCfg = Debug|Any CPU
		{31DDDB3C-4DA7-47C3-8181-2E103E67D970}.Debug|Any CPU.Build.0 = Debug|Any CPU
		{31DDDB3C-4DA7-47C3-8181-2E103E67D970}.Debug|x64.ActiveCfg = Debug|Any CPU
		{31DDDB3C-4DA7-47C3-8181-2E103E67D970}.Debug|x64.Build.0 = Debug|Any CPU
		{31DDDB3C-4DA7-47C3-8181-2E103E67D970}.Debug|x86.ActiveCfg = Debug|Any CPU
		{31DDDB3C-4DA7-47C3-8181-2E103E67D970}.Debug|x86.Build.0 = Debug|Any CPU
		{31DDDB3C-4DA7-47C3-8181-2E103E67D970}.Release|Any CPU.ActiveCfg = Release|Any CPU
		{31DDDB3C-4DA7-47C3-8181-2E103E67D970}.Release|Any CPU.Build.0 = Release|Any CPU
		{31DDDB3C-4DA7-47C3-8181-2E103E67D970}.Release|x64.ActiveCfg = Release|Any CPU
		{31DDDB3C-4DA7-47C3-8181-2E103E67D970}.Release|x64.Build.0 = Release|Any CPU
		{31DDDB3C-4DA7-47C3-8181-2E103E67D970}.Release|x86.ActiveCfg = Release|Any CPU
		{31DDDB3C-4DA7-47C3-8181-2E103E67D970}.Release|x86.Build.0 = Release|Any CPU
		{2AA4412F-3CDA-432B-917B-B9FEB250DEA5}.Debug|Any CPU.ActiveCfg = Debug|Any CPU
		{2AA4412F-3CDA-432B-917B-B9FEB250DEA5}.Debug|Any CPU.Build.0 = Debug|Any CPU
		{2AA4412F-3CDA-432B-917B-B9FEB250DEA5}.Debug|x64.ActiveCfg = Debug|Any CPU
		{2AA4412F-3CDA-432B-917B-B9FEB250DEA5}.Debug|x64.Build.0 = Debug|Any CPU
		{2AA4412F-3CDA-432B-917B-B9FEB250DEA5}.Debug|x86.ActiveCfg = Debug|Any CPU
		{2AA4412F-3CDA-432B-917B-B9FEB250DEA5}.Debug|x86.Build.0 = Debug|Any CPU
		{2AA4412F-3CDA-432B-917B-B9FEB250DEA5}.Release|Any CPU.ActiveCfg = Release|Any CPU
		{2AA4412F-3CDA-432B-917B-B9FEB250DEA5}.Release|Any CPU.Build.0 = Release|Any CPU
		{2AA4412F-3CDA-432B-917B-B9FEB250DEA5}.Release|x64.ActiveCfg = Release|Any CPU
		{2AA4412F-3CDA-432B-917B-B9FEB250DEA5}.Release|x64.Build.0 = Release|Any CPU
		{2AA4412F-3CDA-432B-917B-B9FEB250DEA5}.Release|x86.ActiveCfg = Release|Any CPU
		{2AA4412F-3CDA-432B-917B-B9FEB250DEA5}.Release|x86.Build.0 = Release|Any CPU
		{291FC3B2-BED5-4586-92A6-E4AFA6955D23}.Debug|Any CPU.ActiveCfg = Debug|Any CPU
		{291FC3B2-BED5-4586-92A6-E4AFA6955D23}.Debug|Any CPU.Build.0 = Debug|Any CPU
		{291FC3B2-BED5-4586-92A6-E4AFA6955D23}.Debug|x64.ActiveCfg = Debug|Any CPU
		{291FC3B2-BED5-4586-92A6-E4AFA6955D23}.Debug|x64.Build.0 = Debug|Any CPU
		{291FC3B2-BED5-4586-92A6-E4AFA6955D23}.Debug|x86.ActiveCfg = Debug|Any CPU
		{291FC3B2-BED5-4586-92A6-E4AFA6955D23}.Debug|x86.Build.0 = Debug|Any CPU
		{291FC3B2-BED5-4586-92A6-E4AFA6955D23}.Release|Any CPU.ActiveCfg = Release|Any CPU
		{291FC3B2-BED5-4586-92A6-E4AFA6955D23}.Release|Any CPU.Build.0 = Release|Any CPU
		{291FC3B2-BED5-4586-92A6-E4AFA6955D23}.Release|x64.ActiveCfg = Release|Any CPU
		{291FC3B2-BED5-4586-92A6-E4AFA6955D23}.Release|x64.Build.0 = Release|Any CPU
		{291FC3B2-BED5-4586-92A6-E4AFA6955D23}.Release|x86.ActiveCfg = Release|Any CPU
		{291FC3B2-BED5-4586-92A6-E4AFA6955D23}.Release|x86.Build.0 = Release|Any CPU
		{9D6FD6A6-E6D8-4A50-BD11-0081C26A9443}.Debug|Any CPU.ActiveCfg = Debug|Any CPU
		{9D6FD6A6-E6D8-4A50-BD11-0081C26A9443}.Debug|Any CPU.Build.0 = Debug|Any CPU
		{9D6FD6A6-E6D8-4A50-BD11-0081C26A9443}.Debug|x64.ActiveCfg = Debug|Any CPU
		{9D6FD6A6-E6D8-4A50-BD11-0081C26A9443}.Debug|x64.Build.0 = Debug|Any CPU
		{9D6FD6A6-E6D8-4A50-BD11-0081C26A9443}.Debug|x86.ActiveCfg = Debug|Any CPU
		{9D6FD6A6-E6D8-4A50-BD11-0081C26A9443}.Debug|x86.Build.0 = Debug|Any CPU
		{9D6FD6A6-E6D8-4A50-BD11-0081C26A9443}.Release|Any CPU.ActiveCfg = Release|Any CPU
		{9D6FD6A6-E6D8-4A50-BD11-0081C26A9443}.Release|Any CPU.Build.0 = Release|Any CPU
		{9D6FD6A6-E6D8-4A50-BD11-0081C26A9443}.Release|x64.ActiveCfg = Release|Any CPU
		{9D6FD6A6-E6D8-4A50-BD11-0081C26A9443}.Release|x64.Build.0 = Release|Any CPU
		{9D6FD6A6-E6D8-4A50-BD11-0081C26A9443}.Release|x86.ActiveCfg = Release|Any CPU
		{9D6FD6A6-E6D8-4A50-BD11-0081C26A9443}.Release|x86.Build.0 = Release|Any CPU
		{DD3C71FA-0C9E-4ECF-8C60-6FE32BB740A2}.Debug|Any CPU.ActiveCfg = Debug|Any CPU
		{DD3C71FA-0C9E-4ECF-8C60-6FE32BB740A2}.Debug|Any CPU.Build.0 = Debug|Any CPU
		{DD3C71FA-0C9E-4ECF-8C60-6FE32BB740A2}.Debug|x64.ActiveCfg = Debug|Any CPU
		{DD3C71FA-0C9E-4ECF-8C60-6FE32BB740A2}.Debug|x64.Build.0 = Debug|Any CPU
		{DD3C71FA-0C9E-4ECF-8C60-6FE32BB740A2}.Debug|x86.ActiveCfg = Debug|Any CPU
		{DD3C71FA-0C9E-4ECF-8C60-6FE32BB740A2}.Debug|x86.Build.0 = Debug|Any CPU
		{DD3C71FA-0C9E-4ECF-8C60-6FE32BB740A2}.Release|Any CPU.ActiveCfg = Release|Any CPU
		{DD3C71FA-0C9E-4ECF-8C60-6FE32BB740A2}.Release|Any CPU.Build.0 = Release|Any CPU
		{DD3C71FA-0C9E-4ECF-8C60-6FE32BB740A2}.Release|x64.ActiveCfg = Release|Any CPU
		{DD3C71FA-0C9E-4ECF-8C60-6FE32BB740A2}.Release|x64.Build.0 = Release|Any CPU
		{DD3C71FA-0C9E-4ECF-8C60-6FE32BB740A2}.Release|x86.ActiveCfg = Release|Any CPU
		{DD3C71FA-0C9E-4ECF-8C60-6FE32BB740A2}.Release|x86.Build.0 = Release|Any CPU
		{D7D9BB12-C132-4E46-BBFF-B517B0CB29BE}.Debug|Any CPU.ActiveCfg = Debug|Any CPU
		{D7D9BB12-C132-4E46-BBFF-B517B0CB29BE}.Debug|Any CPU.Build.0 = Debug|Any CPU
		{D7D9BB12-C132-4E46-BBFF-B517B0CB29BE}.Debug|x64.ActiveCfg = Debug|Any CPU
		{D7D9BB12-C132-4E46-BBFF-B517B0CB29BE}.Debug|x64.Build.0 = Debug|Any CPU
		{D7D9BB12-C132-4E46-BBFF-B517B0CB29BE}.Debug|x86.ActiveCfg = Debug|Any CPU
		{D7D9BB12-C132-4E46-BBFF-B517B0CB29BE}.Debug|x86.Build.0 = Debug|Any CPU
		{D7D9BB12-C132-4E46-BBFF-B517B0CB29BE}.Release|Any CPU.ActiveCfg = Release|Any CPU
		{D7D9BB12-C132-4E46-BBFF-B517B0CB29BE}.Release|Any CPU.Build.0 = Release|Any CPU
		{D7D9BB12-C132-4E46-BBFF-B517B0CB29BE}.Release|x64.ActiveCfg = Release|Any CPU
		{D7D9BB12-C132-4E46-BBFF-B517B0CB29BE}.Release|x64.Build.0 = Release|Any CPU
		{D7D9BB12-C132-4E46-BBFF-B517B0CB29BE}.Release|x86.ActiveCfg = Release|Any CPU
		{D7D9BB12-C132-4E46-BBFF-B517B0CB29BE}.Release|x86.Build.0 = Release|Any CPU
		{E9F90125-EB2C-46FD-9354-CCCB8C51DAEC}.Debug|Any CPU.ActiveCfg = Debug|Any CPU
		{E9F90125-EB2C-46FD-9354-CCCB8C51DAEC}.Debug|Any CPU.Build.0 = Debug|Any CPU
		{E9F90125-EB2C-46FD-9354-CCCB8C51DAEC}.Debug|x64.ActiveCfg = Debug|Any CPU
		{E9F90125-EB2C-46FD-9354-CCCB8C51DAEC}.Debug|x64.Build.0 = Debug|Any CPU
		{E9F90125-EB2C-46FD-9354-CCCB8C51DAEC}.Debug|x86.ActiveCfg = Debug|Any CPU
		{E9F90125-EB2C-46FD-9354-CCCB8C51DAEC}.Debug|x86.Build.0 = Debug|Any CPU
		{E9F90125-EB2C-46FD-9354-CCCB8C51DAEC}.Release|Any CPU.ActiveCfg = Release|Any CPU
		{E9F90125-EB2C-46FD-9354-CCCB8C51DAEC}.Release|Any CPU.Build.0 = Release|Any CPU
		{E9F90125-EB2C-46FD-9354-CCCB8C51DAEC}.Release|x64.ActiveCfg = Release|Any CPU
		{E9F90125-EB2C-46FD-9354-CCCB8C51DAEC}.Release|x64.Build.0 = Release|Any CPU
		{E9F90125-EB2C-46FD-9354-CCCB8C51DAEC}.Release|x86.ActiveCfg = Release|Any CPU
		{E9F90125-EB2C-46FD-9354-CCCB8C51DAEC}.Release|x86.Build.0 = Release|Any CPU
	EndGlobalSection
	GlobalSection(SolutionProperties) = preSolution
		HideSolutionNode = FALSE
	EndGlobalSection
	GlobalSection(NestedProjects) = preSolution
		{1DC0409A-1FB9-4999-820A-DC9D6978EA55} = {827E0CD3-B72D-47B6-A68D-7590B98EB39B}
		{A3CADFCC-34D1-4223-9AB3-F3141EAE7D29} = {827E0CD3-B72D-47B6-A68D-7590B98EB39B}
		{43C1F9BF-6DDE-47F3-9809-097775C478F5} = {827E0CD3-B72D-47B6-A68D-7590B98EB39B}
		{72910785-B4A4-47C4-BA95-4E15B28685E5} = {827E0CD3-B72D-47B6-A68D-7590B98EB39B}
		{31DDDB3C-4DA7-47C3-8181-2E103E67D970} = {827E0CD3-B72D-47B6-A68D-7590B98EB39B}
		{2AA4412F-3CDA-432B-917B-B9FEB250DEA5} = {0AB3BF05-4346-4AA6-1389-037BE0695223}
		{291FC3B2-BED5-4586-92A6-E4AFA6955D23} = {0AB3BF05-4346-4AA6-1389-037BE0695223}
		{9D6FD6A6-E6D8-4A50-BD11-0081C26A9443} = {0AB3BF05-4346-4AA6-1389-037BE0695223}
		{DD3C71FA-0C9E-4ECF-8C60-6FE32BB740A2} = {0AB3BF05-4346-4AA6-1389-037BE0695223}
		{D7D9BB12-C132-4E46-BBFF-B517B0CB29BE} = {0AB3BF05-4346-4AA6-1389-037BE0695223}
		{E9F90125-EB2C-46FD-9354-CCCB8C51DAEC} = {0AB3BF05-4346-4AA6-1389-037BE0695223}
	EndGlobalSection
EndGlobal
