
Microsoft Visual Studio Solution File, Format Version 12.00
# Visual Studio Version 17
VisualStudioVersion = 17.0.31903.59
MinimumVisualStudioVersion = 10.0.40219.1
Project("{2150E333-8FDC-42A3-9474-1A3956D46DE8}") = "src", "src", "{827E0CD3-B72D-47B6-A68D-7590B98EB39B}"
EndProject
Project("{FAE04EC0-301F-11D3-BF4B-00C04F79EFBC}") = "DataProofsDotnet.Core", "src\DataProofsDotnet.Core\DataProofsDotnet.Core.csproj", "{1DC0409A-1FB9-4999-820A-DC9D6978EA55}"
EndProject
Project("{FAE04EC0-301F-11D3-BF4B-00C04F79EFBC}") = "DataProofsDotnet.Cose", "src\DataProofsDotnet.Cose\DataProofsDotnet.Cose.csproj", "{A3CADFCC-34D1-4223-9AB3-F3141EAE7D29}"
EndProject
Project("{FAE04EC0-301F-11D3-BF4B-00C04F79EFBC}") = "DataProofsDotnet.Extensions.DependencyInjection", "src\DataProofsDotnet.Extensions.DependencyInjection\DataProofsDotnet.Extensions.DependencyInjection.csproj", "{43C1F9BF-6DDE-47F3-9809-097775C478F5}"
EndProject
Project("{FAE04EC0-301F-11D3-BF4B-00C04F79EFBC}") = "DataProofsDotnet.Jose", "src\DataProofsDotnet.Jose\DataProofsDotnet.Jose.csproj", "{72910785-B4A4-47C4-BA95-4E15B28685E5}"
EndProject
Project("{FAE04EC0-301F-11D3-BF4B-00C04F79EFBC}") = "DataProofsDotnet.Rdfc", "src\DataProofsDotnet.Rdfc\DataProofsDotnet.Rdfc.csproj", "{31DDDB3C-4DA7-47C3-8181-2E103E67D970}"
EndProject
Project("{2150E333-8FDC-42A3-9474-1A3956D46DE8}") = "tests", "tests", "{0AB3BF05-4346-4AA6-1389-037BE0695223}"
EndProject
Project("{FAE04EC0-301F-11D3-BF4B-00C04F79EFBC}") = "DataProofsDotnet.ApiSurface.Tests", "tests\DataProofsDotnet.ApiSurface.Tests\DataProofsDotnet.ApiSurface.Tests.csproj", "{2AA4412F-3CDA-432B-917B-B9FEB250DEA5}"
EndProject
Project("{FAE04EC0-301F-11D3-BF4B-00C04F79EFBC}") = "DataProofsDotnet.Core.Tests", "tests\DataProofsDotnet.Core.Tests\DataProofsDotnet.Core.Tests.csproj", "{291FC3B2-BED5-4586-92A6-E4AFA6955D23}"
EndProject
Project("{FAE04EC0-301F-11D3-BF4B-00C04F79EFBC}") = "DataProofsDotnet.Cose.Tests", "tests\DataProofsDotnet.Cose.Tests\DataProofsDotnet.Cose.Tests.csproj", "{9D6FD6A6-E6D8-4A50-BD11-0081C26A9443}"
EndProject
Project("{FAE04EC0-301F-11D3-BF4B-00C04F79EFBC}") = "DataProofsDotnet.Jose.Tests", "tests\DataProofsDotnet.Jose.Tests\DataProofsDotnet.Jose.Tests.csproj", "{DD3C71FA-0C9E-4ECF-8C60-6FE32BB740A2}"
EndProject
Project("{FAE04EC0-301F-11D3-BF4B-00C04F79EFBC}") = "DataProofsDotnet.Rdfc.Tests", "tests\DataProofsDotnet.Rdfc.Tests\DataProofsDotnet.Rdfc.Tests.csproj", "{D7D9BB12-C132-4E46-BBFF-B517B0CB29BE}"
EndProject
Project("{FAE04EC0-301F-11D3-BF4B-00C04F79EFBC}") = "DataProofsDotnet.Extensions.DependencyInjection.Tests", "tests\DataProofsDotnet.Extensions.DependencyInjection.Tests\DataProofsDotnet.Extensions.DependencyInjection.Tests.csproj", "{E9F90125-EB2C-46FD-9354-CCCB8C51DAEC}"
EndProject
Project("{2150E333-8FDC-42A3-9474-1A3956D46DE8}") = "samples", "samples", "{5D20AA90-6969-D8BD-9DCD-8634F4692FDA}"
EndProject
Project("{FAE04EC0-301F-11D3-BF4B-00C04F79EFBC}") = "DataProofsDotnet.Samples.DataIntegrityRdfc", "samples\DataProofsDotnet.Samples.DataIntegrityRdfc\DataProofsDotnet.Samples.DataIntegrityRdfc.csproj", "{F74265EA-597B-4A20-86F9-017C5E3D3B01}"
EndProject
Project("{FAE04EC0-301F-11D3-BF4B-00C04F79EFBC}") = "DataProofsDotnet.Samples.ProofSetsAndChains", "samples\DataProofsDotnet.Samples.ProofSetsAndChains\DataProofsDotnet.Samples.ProofSetsAndChains.csproj", "{EB30CECB-766C-470E-84A2-B4DC973A3C27}"
EndProject
Project("{FAE04EC0-301F-11D3-BF4B-00C04F79EFBC}") = "DataProofsDotnet.Samples.BbsSelectiveDisclosure", "samples\DataProofsDotnet.Samples.BbsSelectiveDisclosure\DataProofsDotnet.Samples.BbsSelectiveDisclosure.csproj", "{73FD54D8-E38A-4566-8388-5F1EE177FA9E}"
EndProject
Project("{FAE04EC0-301F-11D3-BF4B-00C04F79EFBC}") = "DataProofsDotnet.Samples.VerificationResolver", "samples\DataProofsDotnet.Samples.VerificationResolver\DataProofsDotnet.Samples.VerificationResolver.csproj", "{3B980793-4571-4852-8616-D29F189682BC}"
EndProject
Project("{FAE04EC0-301F-11D3-BF4B-00C04F79EFBC}") = "DataProofsDotnet.Samples.KeyStoreSigning", "samples\DataProofsDotnet.Samples.KeyStoreSigning\DataProofsDotnet.Samples.KeyStoreSigning.csproj", "{DBFAA03D-DD9F-4F55-B773-D38D176FC18D}"
EndProject
Project("{FAE04EC0-301F-11D3-BF4B-00C04F79EFBC}") = "DataProofsDotnet.Samples.Jws", "samples\DataProofsDotnet.Samples.Jws\DataProofsDotnet.Samples.Jws.csproj", "{2742C2DC-034E-4AD5-8BBD-8634F06726A5}"
EndProject
Project("{FAE04EC0-301F-11D3-BF4B-00C04F79EFBC}") = "DataProofsDotnet.Samples.Jwe", "samples\DataProofsDotnet.Samples.Jwe\DataProofsDotnet.Samples.Jwe.csproj", "{55E9C5DA-0133-4AF6-A37F-845E609DB6B5}"
EndProject
Project("{FAE04EC0-301F-11D3-BF4B-00C04F79EFBC}") = "DataProofsDotnet.Samples.JwtAndJwk", "samples\DataProofsDotnet.Samples.JwtAndJwk\DataProofsDotnet.Samples.JwtAndJwk.csproj", "{4B7B9398-D688-4BA6-9C9C-EA9E4673F031}"
EndProject
Project("{FAE04EC0-301F-11D3-BF4B-00C04F79EFBC}") = "DataProofsDotnet.Samples.SdJwt", "samples\DataProofsDotnet.Samples.SdJwt\DataProofsDotnet.Samples.SdJwt.csproj", "{E20749B4-4D84-4A72-9AC4-4271ACB909A4}"
EndProject
Project("{FAE04EC0-301F-11D3-BF4B-00C04F79EFBC}") = "DataProofsDotnet.Samples.SdJwtVc", "samples\DataProofsDotnet.Samples.SdJwtVc\DataProofsDotnet.Samples.SdJwtVc.csproj", "{01469CF4-2898-4427-900B-CE270D90C4A6}"
EndProject
Project("{FAE04EC0-301F-11D3-BF4B-00C04F79EFBC}") = "DataProofsDotnet.Samples.CoseCwt", "samples\DataProofsDotnet.Samples.CoseCwt\DataProofsDotnet.Samples.CoseCwt.csproj", "{06FCE23C-9069-4AFF-916A-BC21A674D0D0}"
EndProject
Project("{FAE04EC0-301F-11D3-BF4B-00C04F79EFBC}") = "DataProofsDotnet.Samples.VcJoseCose", "samples\DataProofsDotnet.Samples.VcJoseCose\DataProofsDotnet.Samples.VcJoseCose.csproj", "{A87A04E7-1C8B-40C5-8F91-FE33E3EF0AB6}"
EndProject
Project("{FAE04EC0-301F-11D3-BF4B-00C04F79EFBC}") = "DataProofsDotnet.Samples.DependencyInjection", "samples\DataProofsDotnet.Samples.DependencyInjection\DataProofsDotnet.Samples.DependencyInjection.csproj", "{00FB16C6-ECC7-47E3-A3E6-EE238BDC0066}"
EndProject
Project("{2150E333-8FDC-42A3-9474-1A3956D46DE8}") = "tasks", "tasks", "{B554F44C-BC1A-140C-1D5D-67ADEC712783}"
EndProject
Project("{FAE04EC0-301F-11D3-BF4B-00C04F79EFBC}") = "samples-coverage", "tasks\samples-coverage\samples-coverage.csproj", "{C0A246CC-B295-4D49-91E9-38A64C55B476}"
EndProject
Project("{FAE04EC0-301F-11D3-BF4B-00C04F79EFBC}") = "DataProofsDotnet.Samples.DataIntegrityJcs", "samples\DataProofsDotnet.Samples.DataIntegrityJcs\DataProofsDotnet.Samples.DataIntegrityJcs.csproj", "{CEA8B4AD-DD37-4B3F-9DBB-2BE9E1531915}"
EndProject
Project("{2150E333-8FDC-42A3-9474-1A3956D46DE8}") = "api-surface-scan", "api-surface-scan", "{0010E50F-C9F9-D61C-7908-48DB859F357C}"
EndProject
Project("{FAE04EC0-301F-11D3-BF4B-00C04F79EFBC}") = "ApiSurfaceScan", "tasks\api-surface-scan\ApiSurfaceScan.csproj", "{300482C0-B884-49BF-8021-1824B8765DD3}"
EndProject
Project("{2150E333-8FDC-42A3-9474-1A3956D46DE8}") = "dependency-hygiene", "dependency-hygiene", "{51E1FF21-0147-325E-BF9F-837D1C0DC671}"
EndProject
Project("{FAE04EC0-301F-11D3-BF4B-00C04F79EFBC}") = "DependencyHygiene", "tasks\dependency-hygiene\DependencyHygiene.csproj", "{BCAF3445-C1E3-4260-A35B-37C620F7507E}"
EndProject
Project("{2150E333-8FDC-42A3-9474-1A3956D46DE8}") = "package-identity", "package-identity", "{189960B5-5ED3-831C-6560-754D93EF961D}"
EndProject
Project("{FAE04EC0-301F-11D3-BF4B-00C04F79EFBC}") = "PackageIdentity", "tasks\package-identity\PackageIdentity.csproj", "{E96D6952-1F47-493A-8C11-BE24278530CF}"
EndProject
Project("{2150E333-8FDC-42A3-9474-1A3956D46DE8}") = "parity-diff", "parity-diff", "{AA4E32FC-56B2-C72E-60FC-95F431031FA2}"
EndProject
Project("{FAE04EC0-301F-11D3-BF4B-00C04F79EFBC}") = "ParityDiff", "tasks\parity-diff\ParityDiff.csproj", "{D35D6BFF-66E7-4956-A69F-F354C649CC41}"
EndProject
Project("{FAE04EC0-301F-11D3-BF4B-00C04F79EFBC}") = "DataProofsDotnet.Legacy", "src\DataProofsDotnet.Legacy\DataProofsDotnet.Legacy.csproj", "{FB630922-2CA7-4368-9B02-6975250C4348}"
EndProject
Project("{FAE04EC0-301F-11D3-BF4B-00C04F79EFBC}") = "DataProofsDotnet.Legacy.Tests", "tests\DataProofsDotnet.Legacy.Tests\DataProofsDotnet.Legacy.Tests.csproj", "{74CAD10E-C883-4924-8B13-AF048D361137}"
EndProject
Global
	GlobalSection(SolutionConfigurationPlatforms) = preSolution
		Debug|Any CPU = Debug|Any CPU
		Debug|x64 = Debug|x64
		Debug|x86 = Debug|x86
		Release|Any CPU = Release|Any CPU
		Release|x64 = Release|x64
		Release|x86 = Release|x86
	EndGlobalSection
	GlobalSection(ProjectConfigurationPlatforms) = postSolution
		{1DC0409A-1FB9-4999-820A-DC9D6978EA55}.Debug|Any CPU.ActiveCfg = Debug|Any CPU
		{1DC0409A-1FB9-4999-820A-DC9D6978EA55}.Debug|Any CPU.Build.0 = Debug|Any CPU
		{1DC0409A-1FB9-4999-820A-DC9D6978EA55}.Debug|x64.ActiveCfg = Debug|Any CPU
		{1DC0409A-1FB9-4999-820A-DC9D6978EA55}.Debug|x64.Build.0 = Debug|Any CPU
		{1DC0409A-1FB9-4999-820A-DC9D6978EA55}.Debug|x86.ActiveCfg = Debug|Any CPU
		{1DC0409A-1FB9-4999-820A-DC9D6978EA55}.Debug|x86.Build.0 = Debug|Any CPU
		{1DC0409A-1FB9-4999-820A-DC9D6978EA55}.Release|Any CPU.ActiveCfg = Release|Any CPU
		{1DC0409A-1FB9-4999-820A-DC9D6978EA55}.Release|Any CPU.Build.0 = Release|Any CPU
		{1DC0409A-1FB9-4999-820A-DC9D6978EA55}.Release|x64.ActiveCfg = Release|Any CPU
		{1DC0409A-1FB9-4999-820A-DC9D6978EA55}.Release|x64.Build.0 = Release|Any CPU
		{1DC0409A-1FB9-4999-820A-DC9D6978EA55}.Release|x86.ActiveCfg = Release|Any CPU
		{1DC0409A-1FB9-4999-820A-DC9D6978EA55}.Release|x86.Build.0 = Release|Any CPU
		{A3CADFCC-34D1-4223-9AB3-F3141EAE7D29}.Debug|Any CPU.ActiveCfg = Debug|Any CPU
		{A3CADFCC-34D1-4223-9AB3-F3141EAE7D29}.Debug|Any CPU.Build.0 = Debug|Any CPU
		{A3CADFCC-34D1-4223-9AB3-F3141EAE7D29}.Debug|x64.ActiveCfg = Debug|Any CPU
		{A3CADFCC-34D1-4223-9AB3-F3141EAE7D29}.Debug|x64.Build.0 = Debug|Any CPU
		{A3CADFCC-34D1-4223-9AB3-F3141EAE7D29}.Debug|x86.ActiveCfg = Debug|Any CPU
		{A3CADFCC-34D1-4223-9AB3-F3141EAE7D29}.Debug|x86.Build.0 = Debug|Any CPU
		{A3CADFCC-34D1-4223-9AB3-F3141EAE7D29}.Release|Any CPU.ActiveCfg = Release|Any CPU
		{A3CADFCC-34D1-4223-9AB3-F3141EAE7D29}.Release|Any CPU.Build.0 = Release|Any CPU
		{A3CADFCC-34D1-4223-9AB3-F3141EAE7D29}.Release|x64.ActiveCfg = Release|Any CPU
		{A3CADFCC-34D1-4223-9AB3-F3141EAE7D29}.Release|x64.Build.0 = Release|Any CPU
		{A3CADFCC-34D1-4223-9AB3-F3141EAE7D29}.Release|x86.ActiveCfg = Release|Any CPU
		{A3CADFCC-34D1-4223-9AB3-F3141EAE7D29}.Release|x86.Build.0 = Release|Any CPU
		{43C1F9BF-6DDE-47F3-9809-097775C478F5}.Debug|Any CPU.ActiveCfg = Debug|Any CPU
		{43C1F9BF-6DDE-47F3-9809-097775C478F5}.Debug|Any CPU.Build.0 = Debug|Any CPU
		{43C1F9BF-6DDE-47F3-9809-097775C478F5}.Debug|x64.ActiveCfg = Debug|Any CPU
		{43C1F9BF-6DDE-47F3-9809-097775C478F5}.Debug|x64.Build.0 = Debug|Any CPU
		{43C1F9BF-6DDE-47F3-9809-097775C478F5}.Debug|x86.ActiveCfg = Debug|Any CPU
		{43C1F9BF-6DDE-47F3-9809-097775C478F5}.Debug|x86.Build.0 = Debug|Any CPU
		{43C1F9BF-6DDE-47F3-9809-097775C478F5}.Release|Any CPU.ActiveCfg = Release|Any CPU
		{43C1F9BF-6DDE-47F3-9809-097775C478F5}.Release|Any CPU.Build.0 = Release|Any CPU
		{43C1F9BF-6DDE-47F3-9809-097775C478F5}.Release|x64.ActiveCfg = Release|Any CPU
		{43C1F9BF-6DDE-47F3-9809-097775C478F5}.Release|x64.Build.0 = Release|Any CPU
		{43C1F9BF-6DDE-47F3-9809-097775C478F5}.Release|x86.ActiveCfg = Release|Any CPU
		{43C1F9BF-6DDE-47F3-9809-097775C478F5}.Release|x86.Build.0 = Release|Any CPU
		{72910785-B4A4-47C4-BA95-4E15B28685E5}.Debug|Any CPU.ActiveCfg = Debug|Any CPU
		{72910785-B4A4-47C4-BA95-4E15B28685E5}.Debug|Any CPU.Build.0 = Debug|Any CPU
		{72910785-B4A4-47C4-BA95-4E15B28685E5}.Debug|x64.ActiveCfg = Debug|Any CPU
		{72910785-B4A4-47C4-BA95-4E15B28685E5}.Debug|x64.Build.0 = Debug|Any CPU
		{72910785-B4A4-47C4-BA95-4E15B28685E5}.Debug|x86.ActiveCfg = Debug|Any CPU
		{72910785-B4A4-47C4-BA95-4E15B28685E5}.Debug|x86.Build.0 = Debug|Any CPU
		{72910785-B4A4-47C4-BA95-4E15B28685E5}.Release|Any CPU.ActiveCfg = Release|Any CPU
		{72910785-B4A4-47C4-BA95-4E15B28685E5}.Release|Any CPU.Build.0 = Release|Any CPU
		{72910785-B4A4-47C4-BA95-4E15B28685E5}.Release|x64.ActiveCfg = Release|Any CPU
		{72910785-B4A4-47C4-BA95-4E15B28685E5}.Release|x64.Build.0 = Release|Any CPU
		{72910785-B4A4-47C4-BA95-4E15B28685E5}.Release|x86.ActiveCfg = Release|Any CPU
		{72910785-B4A4-47C4-BA95-4E15B28685E5}.Release|x86.Build.0 = Release|Any CPU
		{31DDDB3C-4DA7-47C3-8181-2E103E67D970}.Debug|Any CPU.ActiveCfg = Debug|Any CPU
		{31DDDB3C-4DA7-47C3-8181-2E103E67D970}.Debug|Any CPU.Build.0 = Debug|Any CPU
		{31DDDB3C-4DA7-47C3-8181-2E103E67D970}.Debug|x64.ActiveCfg = Debug|Any CPU
		{31DDDB3C-4DA7-47C3-8181-2E103E67D970}.Debug|x64.Build.0 = Debug|Any CPU
		{31DDDB3C-4DA7-47C3-8181-2E103E67D970}.Debug|x86.ActiveCfg = Debug|Any CPU
		{31DDDB3C-4DA7-47C3-8181-2E103E67D970}.Debug|x86.Build.0 = Debug|Any CPU
		{31DDDB3C-4DA7-47C3-8181-2E103E67D970}.Release|Any CPU.ActiveCfg = Release|Any CPU
		{31DDDB3C-4DA7-47C3-8181-2E103E67D970}.Release|Any CPU.Build.0 = Release|Any CPU
		{31DDDB3C-4DA7-47C3-8181-2E103E67D970}.Release|x64.ActiveCfg = Release|Any CPU
		{31DDDB3C-4DA7-47C3-8181-2E103E67D970}.Release|x64.Build.0 = Release|Any CPU
		{31DDDB3C-4DA7-47C3-8181-2E103E67D970}.Release|x86.ActiveCfg = Release|Any CPU
		{31DDDB3C-4DA7-47C3-8181-2E103E67D970}.Release|x86.Build.0 = Release|Any CPU
		{2AA4412F-3CDA-432B-917B-B9FEB250DEA5}.Debug|Any CPU.ActiveCfg = Debug|Any CPU
		{2AA4412F-3CDA-432B-917B-B9FEB250DEA5}.Debug|Any CPU.Build.0 = Debug|Any CPU
		{2AA4412F-3CDA-432B-917B-B9FEB250DEA5}.Debug|x64.ActiveCfg = Debug|Any CPU
		{2AA4412F-3CDA-432B-917B-B9FEB250DEA5}.Debug|x64.Build.0 = Debug|Any CPU
		{2AA4412F-3CDA-432B-917B-B9FEB250DEA5}.Debug|x86.ActiveCfg = Debug|Any CPU
		{2AA4412F-3CDA-432B-917B-B9FEB250DEA5}.Debug|x86.Build.0 = Debug|Any CPU
		{2AA4412F-3CDA-432B-917B-B9FEB250DEA5}.Release|Any CPU.ActiveCfg = Release|Any CPU
		{2AA4412F-3CDA-432B-917B-B9FEB250DEA5}.Release|Any CPU.Build.0 = Release|Any CPU
		{2AA4412F-3CDA-432B-917B-B9FEB250DEA5}.Release|x64.ActiveCfg = Release|Any CPU
		{2AA4412F-3CDA-432B-917B-B9FEB250DEA5}.Release|x64.Build.0 = Release|Any CPU
		{2AA4412F-3CDA-432B-917B-B9FEB250DEA5}.Release|x86.ActiveCfg = Release|Any CPU
		{2AA4412F-3CDA-432B-917B-B9FEB250DEA5}.Release|x86.Build.0 = Release|Any CPU
		{291FC3B2-BED5-4586-92A6-E4AFA6955D23}.Debug|Any CPU.ActiveCfg = Debug|Any CPU
		{291FC3B2-BED5-4586-92A6-E4AFA6955D23}.Debug|Any CPU.Build.0 = Debug|Any CPU
		{291FC3B2-BED5-4586-92A6-E4AFA6955D23}.Debug|x64.ActiveCfg = Debug|Any CPU
		{291FC3B2-BED5-4586-92A6-E4AFA6955D23}.Debug|x64.Build.0 = Debug|Any CPU
		{291FC3B2-BED5-4586-92A6-E4AFA6955D23}.Debug|x86.ActiveCfg = Debug|Any CPU
		{291FC3B2-BED5-4586-92A6-E4AFA6955D23}.Debug|x86.Build.0 = Debug|Any CPU
		{291FC3B2-BED5-4586-92A6-E4AFA6955D23}.Release|Any CPU.ActiveCfg = Release|Any CPU
		{291FC3B2-BED5-4586-92A6-E4AFA6955D23}.Release|Any CPU.Build.0 = Release|Any CPU
		{291FC3B2-BED5-4586-92A6-E4AFA6955D23}.Release|x64.ActiveCfg = Release|Any CPU
		{291FC3B2-BED5-4586-92A6-E4AFA6955D23}.Release|x64.Build.0 = Release|Any CPU
		{291FC3B2-BED5-4586-92A6-E4AFA6955D23}.Release|x86.ActiveCfg = Release|Any CPU
		{291FC3B2-BED5-4586-92A6-E4AFA6955D23}.Release|x86.Build.0 = Release|Any CPU
		{9D6FD6A6-E6D8-4A50-BD11-0081C26A9443}.Debug|Any CPU.ActiveCfg = Debug|Any CPU
		{9D6FD6A6-E6D8-4A50-BD11-0081C26A9443}.Debug|Any CPU.Build.0 = Debug|Any CPU
		{9D6FD6A6-E6D8-4A50-BD11-0081C26A9443}.Debug|x64.ActiveCfg = Debug|Any CPU
		{9D6FD6A6-E6D8-4A50-BD11-0081C26A9443}.Debug|x64.Build.0 = Debug|Any CPU
		{9D6FD6A6-E6D8-4A50-BD11-0081C26A9443}.Debug|x86.ActiveCfg = Debug|Any CPU
		{9D6FD6A6-E6D8-4A50-BD11-0081C26A9443}.Debug|x86.Build.0 = Debug|Any CPU
		{9D6FD6A6-E6D8-4A50-BD11-0081C26A9443}.Release|Any CPU.ActiveCfg = Release|Any CPU
		{9D6FD6A6-E6D8-4A50-BD11-0081C26A9443}.Release|Any CPU.Build.0 = Release|Any CPU
		{9D6FD6A6-E6D8-4A50-BD11-0081C26A9443}.Release|x64.ActiveCfg = Release|Any CPU
		{9D6FD6A6-E6D8-4A50-BD11-0081C26A9443}.Release|x64.Build.0 = Release|Any CPU
		{9D6FD6A6-E6D8-4A50-BD11-0081C26A9443}.Release|x86.ActiveCfg = Release|Any CPU
		{9D6FD6A6-E6D8-4A50-BD11-0081C26A9443}.Release|x86.Build.0 = Release|Any CPU
		{DD3C71FA-0C9E-4ECF-8C60-6FE32BB740A2}.Debug|Any CPU.ActiveCfg = Debug|Any CPU
		{DD3C71FA-0C9E-4ECF-8C60-6FE32BB740A2}.Debug|Any CPU.Build.0 = Debug|Any CPU
		{DD3C71FA-0C9E-4ECF-8C60-6FE32BB740A2}.Debug|x64.ActiveCfg = Debug|Any CPU
		{DD3C71FA-0C9E-4ECF-8C60-6FE32BB740A2}.Debug|x64.Build.0 = Debug|Any CPU
		{DD3C71FA-0C9E-4ECF-8C60-6FE32BB740A2}.Debug|x86.ActiveCfg = Debug|Any CPU
		{DD3C71FA-0C9E-4ECF-8C60-6FE32BB740A2}.Debug|x86.Build.0 = Debug|Any CPU
		{DD3C71FA-0C9E-4ECF-8C60-6FE32BB740A2}.Release|Any CPU.ActiveCfg = Release|Any CPU
		{DD3C71FA-0C9E-4ECF-8C60-6FE32BB740A2}.Release|Any CPU.Build.0 = Release|Any CPU
		{DD3C71FA-0C9E-4ECF-8C60-6FE32BB740A2}.Release|x64.ActiveCfg = Release|Any CPU
		{DD3C71FA-0C9E-4ECF-8C60-6FE32BB740A2}.Release|x64.Build.0 = Release|Any CPU
		{DD3C71FA-0C9E-4ECF-8C60-6FE32BB740A2}.Release|x86.ActiveCfg = Release|Any CPU
		{DD3C71FA-0C9E-4ECF-8C60-6FE32BB740A2}.Release|x86.Build.0 = Release|Any CPU
		{D7D9BB12-C132-4E46-BBFF-B517B0CB29BE}.Debug|Any CPU.ActiveCfg = Debug|Any CPU
		{D7D9BB12-C132-4E46-BBFF-B517B0CB29BE}.Debug|Any CPU.Build.0 = Debug|Any CPU
		{D7D9BB12-C132-4E46-BBFF-B517B0CB29BE}.Debug|x64.ActiveCfg = Debug|Any CPU
		{D7D9BB12-C132-4E46-BBFF-B517B0CB29BE}.Debug|x64.Build.0 = Debug|Any CPU
		{D7D9BB12-C132-4E46-BBFF-B517B0CB29BE}.Debug|x86.ActiveCfg = Debug|Any CPU
		{D7D9BB12-C132-4E46-BBFF-B517B0CB29BE}.Debug|x86.Build.0 = Debug|Any CPU
		{D7D9BB12-C132-4E46-BBFF-B517B0CB29BE}.Release|Any CPU.ActiveCfg = Release|Any CPU
		{D7D9BB12-C132-4E46-BBFF-B517B0CB29BE}.Release|Any CPU.Build.0 = Release|Any CPU
		{D7D9BB12-C132-4E46-BBFF-B517B0CB29BE}.Release|x64.ActiveCfg = Release|Any CPU
		{D7D9BB12-C132-4E46-BBFF-B517B0CB29BE}.Release|x64.Build.0 = Release|Any CPU
		{D7D9BB12-C132-4E46-BBFF-B517B0CB29BE}.Release|x86.ActiveCfg = Release|Any CPU
		{D7D9BB12-C132-4E46-BBFF-B517B0CB29BE}.Release|x86.Build.0 = Release|Any CPU
		{E9F90125-EB2C-46FD-9354-CCCB8C51DAEC}.Debug|Any CPU.ActiveCfg = Debug|Any CPU
		{E9F90125-EB2C-46FD-9354-CCCB8C51DAEC}.Debug|Any CPU.Build.0 = Debug|Any CPU
		{E9F90125-EB2C-46FD-9354-CCCB8C51DAEC}.Debug|x64.ActiveCfg = Debug|Any CPU
		{E9F90125-EB2C-46FD-9354-CCCB8C51DAEC}.Debug|x64.Build.0 = Debug|Any CPU
		{E9F90125-EB2C-46FD-9354-CCCB8C51DAEC}.Debug|x86.ActiveCfg = Debug|Any CPU
		{E9F90125-EB2C-46FD-9354-CCCB8C51DAEC}.Debug|x86.Build.0 = Debug|Any CPU
		{E9F90125-EB2C-46FD-9354-CCCB8C51DAEC}.Release|Any CPU.ActiveCfg = Release|Any CPU
		{E9F90125-EB2C-46FD-9354-CCCB8C51DAEC}.Release|Any CPU.Build.0 = Release|Any CPU
		{E9F90125-EB2C-46FD-9354-CCCB8C51DAEC}.Release|x64.ActiveCfg = Release|Any CPU
		{E9F90125-EB2C-46FD-9354-CCCB8C51DAEC}.Release|x64.Build.0 = Release|Any CPU
		{E9F90125-EB2C-46FD-9354-CCCB8C51DAEC}.Release|x86.ActiveCfg = Release|Any CPU
		{E9F90125-EB2C-46FD-9354-CCCB8C51DAEC}.Release|x86.Build.0 = Release|Any CPU
		{F74265EA-597B-4A20-86F9-017C5E3D3B01}.Debug|Any CPU.ActiveCfg = Debug|Any CPU
		{F74265EA-597B-4A20-86F9-017C5E3D3B01}.Debug|Any CPU.Build.0 = Debug|Any CPU
		{F74265EA-597B-4A20-86F9-017C5E3D3B01}.Debug|x64.ActiveCfg = Debug|Any CPU
		{F74265EA-597B-4A20-86F9-017C5E3D3B01}.Debug|x64.Build.0 = Debug|Any CPU
		{F74265EA-597B-4A20-86F9-017C5E3D3B01}.Debug|x86.ActiveCfg = Debug|Any CPU
		{F74265EA-597B-4A20-86F9-017C5E3D3B01}.Debug|x86.Build.0 = Debug|Any CPU
		{F74265EA-597B-4A20-86F9-017C5E3D3B01}.Release|Any CPU.ActiveCfg = Release|Any CPU
		{F74265EA-597B-4A20-86F9-017C5E3D3B01}.Release|Any CPU.Build.0 = Release|Any CPU
		{F74265EA-597B-4A20-86F9-017C5E3D3B01}.Release|x64.ActiveCfg = Release|Any CPU
		{F74265EA-597B-4A20-86F9-017C5E3D3B01}.Release|x64.Build.0 = Release|Any CPU
		{F74265EA-597B-4A20-86F9-017C5E3D3B01}.Release|x86.ActiveCfg = Release|Any CPU
		{F74265EA-597B-4A20-86F9-017C5E3D3B01}.Release|x86.Build.0 = Release|Any CPU
		{EB30CECB-766C-470E-84A2-B4DC973A3C27}.Debug|Any CPU.ActiveCfg = Debug|Any CPU
		{EB30CECB-766C-470E-84A2-B4DC973A3C27}.Debug|Any CPU.Build.0 = Debug|Any CPU
		{EB30CECB-766C-470E-84A2-B4DC973A3C27}.Debug|x64.ActiveCfg = Debug|Any CPU
		{EB30CECB-766C-470E-84A2-B4DC973A3C27}.Debug|x64.Build.0 = Debug|Any CPU
		{EB30CECB-766C-470E-84A2-B4DC973A3C27}.Debug|x86.ActiveCfg = Debug|Any CPU
		{EB30CECB-766C-470E-84A2-B4DC973A3C27}.Debug|x86.Build.0 = Debug|Any CPU
		{EB30CECB-766C-470E-84A2-B4DC973A3C27}.Release|Any CPU.ActiveCfg = Release|Any CPU
		{EB30CECB-766C-470E-84A2-B4DC973A3C27}.Release|Any CPU.Build.0 = Release|Any CPU
		{EB30CECB-766C-470E-84A2-B4DC973A3C27}.Release|x64.ActiveCfg = Release|Any CPU
		{EB30CECB-766C-470E-84A2-B4DC973A3C27}.Release|x64.Build.0 = Release|Any CPU
		{EB30CECB-766C-470E-84A2-B4DC973A3C27}.Release|x86.ActiveCfg = Release|Any CPU
		{EB30CECB-766C-470E-84A2-B4DC973A3C27}.Release|x86.Build.0 = Release|Any CPU
		{73FD54D8-E38A-4566-8388-5F1EE177FA9E}.Debug|Any CPU.ActiveCfg = Debug|Any CPU
		{73FD54D8-E38A-4566-8388-5F1EE177FA9E}.Debug|Any CPU.Build.0 = Debug|Any CPU
		{73FD54D8-E38A-4566-8388-5F1EE177FA9E}.Debug|x64.ActiveCfg = Debug|Any CPU
		{73FD54D8-E38A-4566-8388-5F1EE177FA9E}.Debug|x64.Build.0 = Debug|Any CPU
		{73FD54D8-E38A-4566-8388-5F1EE177FA9E}.Debug|x86.ActiveCfg = Debug|Any CPU
		{73FD54D8-E38A-4566-8388-5F1EE177FA9E}.Debug|x86.Build.0 = Debug|Any CPU
		{73FD54D8-E38A-4566-8388-5F1EE177FA9E}.Release|Any CPU.ActiveCfg = Release|Any CPU
		{73FD54D8-E38A-4566-8388-5F1EE177FA9E}.Release|Any CPU.Build.0 = Release|Any CPU
		{73FD54D8-E38A-4566-8388-5F1EE177FA9E}.Release|x64.ActiveCfg = Release|Any CPU
		{73FD54D8-E38A-4566-8388-5F1EE177FA9E}.Release|x64.Build.0 = Release|Any CPU
		{73FD54D8-E38A-4566-8388-5F1EE177FA9E}.Release|x86.ActiveCfg = Release|Any CPU
		{73FD54D8-E38A-4566-8388-5F1EE177FA9E}.Release|x86.Build.0 = Release|Any CPU
		{3B980793-4571-4852-8616-D29F189682BC}.Debug|Any CPU.ActiveCfg = Debug|Any CPU
		{3B980793-4571-4852-8616-D29F189682BC}.Debug|Any CPU.Build.0 = Debug|Any CPU
		{3B980793-4571-4852-8616-D29F189682BC}.Debug|x64.ActiveCfg = Debug|Any CPU
		{3B980793-4571-4852-8616-D29F189682BC}.Debug|x64.Build.0 = Debug|Any CPU
		{3B980793-4571-4852-8616-D29F189682BC}.Debug|x86.ActiveCfg = Debug|Any CPU
		{3B980793-4571-4852-8616-D29F189682BC}.Debug|x86.Build.0 = Debug|Any CPU
		{3B980793-4571-4852-8616-D29F189682BC}.Release|Any CPU.ActiveCfg = Release|Any CPU
		{3B980793-4571-4852-8616-D29F189682BC}.Release|Any CPU.Build.0 = Release|Any CPU
		{3B980793-4571-4852-8616-D29F189682BC}.Release|x64.ActiveCfg = Release|Any CPU
		{3B980793-4571-4852-8616-D29F189682BC}.Release|x64.Build.0 = Release|Any CPU
		{3B980793-4571-4852-8616-D29F189682BC}.Release|x86.ActiveCfg = Release|Any CPU
		{3B980793-4571-4852-8616-D29F189682BC}.Release|x86.Build.0 = Release|Any CPU
		{DBFAA03D-DD9F-4F55-B773-D38D176FC18D}.Debug|Any CPU.ActiveCfg = Debug|Any CPU
		{DBFAA03D-DD9F-4F55-B773-D38D176FC18D}.Debug|Any CPU.Build.0 = Debug|Any CPU
		{DBFAA03D-DD9F-4F55-B773-D38D176FC18D}.Debug|x64.ActiveCfg = Debug|Any CPU
		{DBFAA03D-DD9F-4F55-B773-D38D176FC18D}.Debug|x64.Build.0 = Debug|Any CPU
		{DBFAA03D-DD9F-4F55-B773-D38D176FC18D}.Debug|x86.ActiveCfg = Debug|Any CPU
		{DBFAA03D-DD9F-4F55-B773-D38D176FC18D}.Debug|x86.Build.0 = Debug|Any CPU
		{DBFAA03D-DD9F-4F55-B773-D38D176FC18D}.Release|Any CPU.ActiveCfg = Release|Any CPU
		{DBFAA03D-DD9F-4F55-B773-D38D176FC18D}.Release|Any CPU.Build.0 = Release|Any CPU
		{DBFAA03D-DD9F-4F55-B773-D38D176FC18D}.Release|x64.ActiveCfg = Release|Any CPU
		{DBFAA03D-DD9F-4F55-B773-D38D176FC18D}.Release|x64.Build.0 = Release|Any CPU
		{DBFAA03D-DD9F-4F55-B773-D38D176FC18D}.Release|x86.ActiveCfg = Release|Any CPU
		{DBFAA03D-DD9F-4F55-B773-D38D176FC18D}.Release|x86.Build.0 = Release|Any CPU
		{2742C2DC-034E-4AD5-8BBD-8634F06726A5}.Debug|Any CPU.ActiveCfg = Debug|Any CPU
		{2742C2DC-034E-4AD5-8BBD-8634F06726A5}.Debug|Any CPU.Build.0 = Debug|Any CPU
		{2742C2DC-034E-4AD5-8BBD-8634F06726A5}.Debug|x64.ActiveCfg = Debug|Any CPU
		{2742C2DC-034E-4AD5-8BBD-8634F06726A5}.Debug|x64.Build.0 = Debug|Any CPU
		{2742C2DC-034E-4AD5-8BBD-8634F06726A5}.Debug|x86.ActiveCfg = Debug|Any CPU
		{2742C2DC-034E-4AD5-8BBD-8634F06726A5}.Debug|x86.Build.0 = Debug|Any CPU
		{2742C2DC-034E-4AD5-8BBD-8634F06726A5}.Release|Any CPU.ActiveCfg = Release|Any CPU
		{2742C2DC-034E-4AD5-8BBD-8634F06726A5}.Release|Any CPU.Build.0 = Release|Any CPU
		{2742C2DC-034E-4AD5-8BBD-8634F06726A5}.Release|x64.ActiveCfg = Release|Any CPU
		{2742C2DC-034E-4AD5-8BBD-8634F06726A5}.Release|x64.Build.0 = Release|Any CPU
		{2742C2DC-034E-4AD5-8BBD-8634F06726A5}.Release|x86.ActiveCfg = Release|Any CPU
		{2742C2DC-034E-4AD5-8BBD-8634F06726A5}.Release|x86.Build.0 = Release|Any CPU
		{55E9C5DA-0133-4AF6-A37F-845E609DB6B5}.Debug|Any CPU.ActiveCfg = Debug|Any CPU
		{55E9C5DA-0133-4AF6-A37F-845E609DB6B5}.Debug|Any CPU.Build.0 = Debug|Any CPU
		{55E9C5DA-0133-4AF6-A37F-845E609DB6B5}.Debug|x64.ActiveCfg = Debug|Any CPU
		{55E9C5DA-0133-4AF6-A37F-845E609DB6B5}.Debug|x64.Build.0 = Debug|Any CPU
		{55E9C5DA-0133-4AF6-A37F-845E609DB6B5}.Debug|x86.ActiveCfg = Debug|Any CPU
		{55E9C5DA-0133-4AF6-A37F-845E609DB6B5}.Debug|x86.Build.0 = Debug|Any CPU
		{55E9C5DA-0133-4AF6-A37F-845E609DB6B5}.Release|Any CPU.ActiveCfg = Release|Any CPU
		{55E9C5DA-0133-4AF6-A37F-845E609DB6B5}.Release|Any CPU.Build.0 = Release|Any CPU
		{55E9C5DA-0133-4AF6-A37F-845E609DB6B5}.Release|x64.ActiveCfg = Release|Any CPU
		{55E9C5DA-0133-4AF6-A37F-845E609DB6B5}.Release|x64.Build.0 = Release|Any CPU
		{55E9C5DA-0133-4AF6-A37F-845E609DB6B5}.Release|x86.ActiveCfg = Release|Any CPU
		{55E9C5DA-0133-4AF6-A37F-845E609DB6B5}.Release|x86.Build.0 = Release|Any CPU
		{4B7B9398-D688-4BA6-9C9C-EA9E4673F031}.Debug|Any CPU.ActiveCfg = Debug|Any CPU
		{4B7B9398-D688-4BA6-9C9C-EA9E4673F031}.Debug|Any CPU.Build.0 = Debug|Any CPU
		{4B7B9398-D688-4BA6-9C9C-EA9E4673F031}.Debug|x64.ActiveCfg = Debug|Any CPU
		{4B7B9398-D688-4BA6-9C9C-EA9E4673F031}.Debug|x64.Build.0 = Debug|Any CPU
		{4B7B9398-D688-4BA6-9C9C-EA9E4673F031}.Debug|x86.ActiveCfg = Debug|Any CPU
		{4B7B9398-D688-4BA6-9C9C-EA9E4673F031}.Debug|x86.Build.0 = Debug|Any CPU
		{4B7B9398-D688-4BA6-9C9C-EA9E4673F031}.Release|Any CPU.ActiveCfg = Release|Any CPU
		{4B7B9398-D688-4BA6-9C9C-EA9E4673F031}.Release|Any CPU.Build.0 = Release|Any CPU
		{4B7B9398-D688-4BA6-9C9C-EA9E4673F031}.Release|x64.ActiveCfg = Release|Any CPU
		{4B7B9398-D688-4BA6-9C9C-EA9E4673F031}.Release|x64.Build.0 = Release|Any CPU
		{4B7B9398-D688-4BA6-9C9C-EA9E4673F031}.Release|x86.ActiveCfg = Release|Any CPU
		{4B7B9398-D688-4BA6-9C9C-EA9E4673F031}.Release|x86.Build.0 = Release|Any CPU
		{E20749B4-4D84-4A72-9AC4-4271ACB909A4}.Debug|Any CPU.ActiveCfg = Debug|Any CPU
		{E20749B4-4D84-4A72-9AC4-4271ACB909A4}.Debug|Any CPU.Build.0 = Debug|Any CPU
		{E20749B4-4D84-4A72-9AC4-4271ACB909A4}.Debug|x64.ActiveCfg = Debug|Any CPU
		{E20749B4-4D84-4A72-9AC4-4271ACB909A4}.Debug|x64.Build.0 = Debug|Any CPU
		{E20749B4-4D84-4A72-9AC4-4271ACB909A4}.Debug|x86.ActiveCfg = Debug|Any CPU
		{E20749B4-4D84-4A72-9AC4-4271ACB909A4}.Debug|x86.Build.0 = Debug|Any CPU
		{E20749B4-4D84-4A72-9AC4-4271ACB909A4}.Release|Any CPU.ActiveCfg = Release|Any CPU
		{E20749B4-4D84-4A72-9AC4-4271ACB909A4}.Release|Any CPU.Build.0 = Release|Any CPU
		{E20749B4-4D84-4A72-9AC4-4271ACB909A4}.Release|x64.ActiveCfg = Release|Any CPU
		{E20749B4-4D84-4A72-9AC4-4271ACB909A4}.Release|x64.Build.0 = Release|Any CPU
		{E20749B4-4D84-4A72-9AC4-4271ACB909A4}.Release|x86.ActiveCfg = Release|Any CPU
		{E20749B4-4D84-4A72-9AC4-4271ACB909A4}.Release|x86.Build.0 = Release|Any CPU
		{01469CF4-2898-4427-900B-CE270D90C4A6}.Debug|Any CPU.ActiveCfg = Debug|Any CPU
		{01469CF4-2898-4427-900B-CE270D90C4A6}.Debug|Any CPU.Build.0 = Debug|Any CPU
		{01469CF4-2898-4427-900B-CE270D90C4A6}.Debug|x64.ActiveCfg = Debug|Any CPU
		{01469CF4-2898-4427-900B-CE270D90C4A6}.Debug|x64.Build.0 = Debug|Any CPU
		{01469CF4-2898-4427-900B-CE270D90C4A6}.Debug|x86.ActiveCfg = Debug|Any CPU
		{01469CF4-2898-4427-900B-CE270D90C4A6}.Debug|x86.Build.0 = Debug|Any CPU
		{01469CF4-2898-4427-900B-CE270D90C4A6}.Release|Any CPU.ActiveCfg = Release|Any CPU
		{01469CF4-2898-4427-900B-CE270D90C4A6}.Release|Any CPU.Build.0 = Release|Any CPU
		{01469CF4-2898-4427-900B-CE270D90C4A6}.Release|x64.ActiveCfg = Release|Any CPU
		{01469CF4-2898-4427-900B-CE270D90C4A6}.Release|x64.Build.0 = Release|Any CPU
		{01469CF4-2898-4427-900B-CE270D90C4A6}.Release|x86.ActiveCfg = Release|Any CPU
		{01469CF4-2898-4427-900B-CE270D90C4A6}.Release|x86.Build.0 = Release|Any CPU
		{06FCE23C-9069-4AFF-916A-BC21A674D0D0}.Debug|Any CPU.ActiveCfg = Debug|Any CPU
		{06FCE23C-9069-4AFF-916A-BC21A674D0D0}.Debug|Any CPU.Build.0 = Debug|Any CPU
		{06FCE23C-9069-4AFF-916A-BC21A674D0D0}.Debug|x64.ActiveCfg = Debug|Any CPU
		{06FCE23C-9069-4AFF-916A-BC21A674D0D0}.Debug|x64.Build.0 = Debug|Any CPU
		{06FCE23C-9069-4AFF-916A-BC21A674D0D0}.Debug|x86.ActiveCfg = Debug|Any CPU
		{06FCE23C-9069-4AFF-916A-BC21A674D0D0}.Debug|x86.Build.0 = Debug|Any CPU
		{06FCE23C-9069-4AFF-916A-BC21A674D0D0}.Release|Any CPU.ActiveCfg = Release|Any CPU
		{06FCE23C-9069-4AFF-916A-BC21A674D0D0}.Release|Any CPU.Build.0 = Release|Any CPU
		{06FCE23C-9069-4AFF-916A-BC21A674D0D0}.Release|x64.ActiveCfg = Release|Any CPU
		{06FCE23C-9069-4AFF-916A-BC21A674D0D0}.Release|x64.Build.0 = Release|Any CPU
		{06FCE23C-9069-4AFF-916A-BC21A674D0D0}.Release|x86.ActiveCfg = Release|Any CPU
		{06FCE23C-9069-4AFF-916A-BC21A674D0D0}.Release|x86.Build.0 = Release|Any CPU
		{A87A04E7-1C8B-40C5-8F91-FE33E3EF0AB6}.Debug|Any CPU.ActiveCfg = Debug|Any CPU
		{A87A04E7-1C8B-40C5-8F91-FE33E3EF0AB6}.Debug|Any CPU.Build.0 = Debug|Any CPU
		{A87A04E7-1C8B-40C5-8F91-FE33E3EF0AB6}.Debug|x64.ActiveCfg = Debug|Any CPU
		{A87A04E7-1C8B-40C5-8F91-FE33E3EF0AB6}.Debug|x64.Build.0 = Debug|Any CPU
		{A87A04E7-1C8B-40C5-8F91-FE33E3EF0AB6}.Debug|x86.ActiveCfg = Debug|Any CPU
		{A87A04E7-1C8B-40C5-8F91-FE33E3EF0AB6}.Debug|x86.Build.0 = Debug|Any CPU
		{A87A04E7-1C8B-40C5-8F91-FE33E3EF0AB6}.Release|Any CPU.ActiveCfg = Release|Any CPU
		{A87A04E7-1C8B-40C5-8F91-FE33E3EF0AB6}.Release|Any CPU.Build.0 = Release|Any CPU
		{A87A04E7-1C8B-40C5-8F91-FE33E3EF0AB6}.Release|x64.ActiveCfg = Release|Any CPU
		{A87A04E7-1C8B-40C5-8F91-FE33E3EF0AB6}.Release|x64.Build.0 = Release|Any CPU
		{A87A04E7-1C8B-40C5-8F91-FE33E3EF0AB6}.Release|x86.ActiveCfg = Release|Any CPU
		{A87A04E7-1C8B-40C5-8F91-FE33E3EF0AB6}.Release|x86.Build.0 = Release|Any CPU
		{00FB16C6-ECC7-47E3-A3E6-EE238BDC0066}.Debug|Any CPU.ActiveCfg = Debug|Any CPU
		{00FB16C6-ECC7-47E3-A3E6-EE238BDC0066}.Debug|Any CPU.Build.0 = Debug|Any CPU
		{00FB16C6-ECC7-47E3-A3E6-EE238BDC0066}.Debug|x64.ActiveCfg = Debug|Any CPU
		{00FB16C6-ECC7-47E3-A3E6-EE238BDC0066}.Debug|x64.Build.0 = Debug|Any CPU
		{00FB16C6-ECC7-47E3-A3E6-EE238BDC0066}.Debug|x86.ActiveCfg = Debug|Any CPU
		{00FB16C6-ECC7-47E3-A3E6-EE238BDC0066}.Debug|x86.Build.0 = Debug|Any CPU
		{00FB16C6-ECC7-47E3-A3E6-EE238BDC0066}.Release|Any CPU.ActiveCfg = Release|Any CPU
		{00FB16C6-ECC7-47E3-A3E6-EE238BDC0066}.Release|Any CPU.Build.0 = Release|Any CPU
		{00FB16C6-ECC7-47E3-A3E6-EE238BDC0066}.Release|x64.ActiveCfg = Release|Any CPU
		{00FB16C6-ECC7-47E3-A3E6-EE238BDC0066}.Release|x64.Build.0 = Release|Any CPU
		{00FB16C6-ECC7-47E3-A3E6-EE238BDC0066}.Release|x86.ActiveCfg = Release|Any CPU
		{00FB16C6-ECC7-47E3-A3E6-EE238BDC0066}.Release|x86.Build.0 = Release|Any CPU
		{C0A246CC-B295-4D49-91E9-38A64C55B476}.Debug|Any CPU.ActiveCfg = Debug|Any CPU
		{C0A246CC-B295-4D49-91E9-38A64C55B476}.Debug|Any CPU.Build.0 = Debug|Any CPU
		{C0A246CC-B295-4D49-91E9-38A64C55B476}.Debug|x64.ActiveCfg = Debug|Any CPU
		{C0A246CC-B295-4D49-91E9-38A64C55B476}.Debug|x64.Build.0 = Debug|Any CPU
		{C0A246CC-B295-4D49-91E9-38A64C55B476}.Debug|x86.ActiveCfg = Debug|Any CPU
		{C0A246CC-B295-4D49-91E9-38A64C55B476}.Debug|x86.Build.0 = Debug|Any CPU
		{C0A246CC-B295-4D49-91E9-38A64C55B476}.Release|Any CPU.ActiveCfg = Release|Any CPU
		{C0A246CC-B295-4D49-91E9-38A64C55B476}.Release|Any CPU.Build.0 = Release|Any CPU
		{C0A246CC-B295-4D49-91E9-38A64C55B476}.Release|x64.ActiveCfg = Release|Any CPU
		{C0A246CC-B295-4D49-91E9-38A64C55B476}.Release|x64.Build.0 = Release|Any CPU
		{C0A246CC-B295-4D49-91E9-38A64C55B476}.Release|x86.ActiveCfg = Release|Any CPU
		{C0A246CC-B295-4D49-91E9-38A64C55B476}.Release|x86.Build.0 = Release|Any CPU
		{CEA8B4AD-DD37-4B3F-9DBB-2BE9E1531915}.Debug|Any CPU.ActiveCfg = Debug|Any CPU
		{CEA8B4AD-DD37-4B3F-9DBB-2BE9E1531915}.Debug|Any CPU.Build.0 = Debug|Any CPU
		{CEA8B4AD-DD37-4B3F-9DBB-2BE9E1531915}.Debug|x64.ActiveCfg = Debug|Any CPU
		{CEA8B4AD-DD37-4B3F-9DBB-2BE9E1531915}.Debug|x64.Build.0 = Debug|Any CPU
		{CEA8B4AD-DD37-4B3F-9DBB-2BE9E1531915}.Debug|x86.ActiveCfg = Debug|Any CPU
		{CEA8B4AD-DD37-4B3F-9DBB-2BE9E1531915}.Debug|x86.Build.0 = Debug|Any CPU
		{CEA8B4AD-DD37-4B3F-9DBB-2BE9E1531915}.Release|Any CPU.ActiveCfg = Release|Any CPU
		{CEA8B4AD-DD37-4B3F-9DBB-2BE9E1531915}.Release|Any CPU.Build.0 = Release|Any CPU
		{CEA8B4AD-DD37-4B3F-9DBB-2BE9E1531915}.Release|x64.ActiveCfg = Release|Any CPU
		{CEA8B4AD-DD37-4B3F-9DBB-2BE9E1531915}.Release|x64.Build.0 = Release|Any CPU
		{CEA8B4AD-DD37-4B3F-9DBB-2BE9E1531915}.Release|x86.ActiveCfg = Release|Any CPU
		{CEA8B4AD-DD37-4B3F-9DBB-2BE9E1531915}.Release|x86.Build.0 = Release|Any CPU
		{300482C0-B884-49BF-8021-1824B8765DD3}.Debug|Any CPU.ActiveCfg = Debug|Any CPU
		{300482C0-B884-49BF-8021-1824B8765DD3}.Debug|Any CPU.Build.0 = Debug|Any CPU
		{300482C0-B884-49BF-8021-1824B8765DD3}.Debug|x64.ActiveCfg = Debug|Any CPU
		{300482C0-B884-49BF-8021-1824B8765DD3}.Debug|x64.Build.0 = Debug|Any CPU
		{300482C0-B884-49BF-8021-1824B8765DD3}.Debug|x86.ActiveCfg = Debug|Any CPU
		{300482C0-B884-49BF-8021-1824B8765DD3}.Debug|x86.Build.0 = Debug|Any CPU
		{300482C0-B884-49BF-8021-1824B8765DD3}.Release|Any CPU.ActiveCfg = Release|Any CPU
		{300482C0-B884-49BF-8021-1824B8765DD3}.Release|Any CPU.Build.0 = Release|Any CPU
		{300482C0-B884-49BF-8021-1824B8765DD3}.Release|x64.ActiveCfg = Release|Any CPU
		{300482C0-B884-49BF-8021-1824B8765DD3}.Release|x64.Build.0 = Release|Any CPU
		{300482C0-B884-49BF-8021-1824B8765DD3}.Release|x86.ActiveCfg = Release|Any CPU
		{300482C0-B884-49BF-8021-1824B8765DD3}.Release|x86.Build.0 = Release|Any CPU
		{BCAF3445-C1E3-4260-A35B-37C620F7507E}.Debug|Any CPU.ActiveCfg = Debug|Any CPU
		{BCAF3445-C1E3-4260-A35B-37C620F7507E}.Debug|Any CPU.Build.0 = Debug|Any CPU
		{BCAF3445-C1E3-4260-A35B-37C620F7507E}.Debug|x64.ActiveCfg = Debug|Any CPU
		{BCAF3445-C1E3-4260-A35B-37C620F7507E}.Debug|x64.Build.0 = Debug|Any CPU
		{BCAF3445-C1E3-4260-A35B-37C620F7507E}.Debug|x86.ActiveCfg = Debug|Any CPU
		{BCAF3445-C1E3-4260-A35B-37C620F7507E}.Debug|x86.Build.0 = Debug|Any CPU
		{BCAF3445-C1E3-4260-A35B-37C620F7507E}.Release|Any CPU.ActiveCfg = Release|Any CPU
		{BCAF3445-C1E3-4260-A35B-37C620F7507E}.Release|Any CPU.Build.0 = Release|Any CPU
		{BCAF3445-C1E3-4260-A35B-37C620F7507E}.Release|x64.ActiveCfg = Release|Any CPU
		{BCAF3445-C1E3-4260-A35B-37C620F7507E}.Release|x64.Build.0 = Release|Any CPU
		{BCAF3445-C1E3-4260-A35B-37C620F7507E}.Release|x86.ActiveCfg = Release|Any CPU
		{BCAF3445-C1E3-4260-A35B-37C620F7507E}.Release|x86.Build.0 = Release|Any CPU
		{E96D6952-1F47-493A-8C11-BE24278530CF}.Debug|Any CPU.ActiveCfg = Debug|Any CPU
		{E96D6952-1F47-493A-8C11-BE24278530CF}.Debug|Any CPU.Build.0 = Debug|Any CPU
		{E96D6952-1F47-493A-8C11-BE24278530CF}.Debug|x64.ActiveCfg = Debug|Any CPU
		{E96D6952-1F47-493A-8C11-BE24278530CF}.Debug|x64.Build.0 = Debug|Any CPU
		{E96D6952-1F47-493A-8C11-BE24278530CF}.Debug|x86.ActiveCfg = Debug|Any CPU
		{E96D6952-1F47-493A-8C11-BE24278530CF}.Debug|x86.Build.0 = Debug|Any CPU
		{E96D6952-1F47-493A-8C11-BE24278530CF}.Release|Any CPU.ActiveCfg = Release|Any CPU
		{E96D6952-1F47-493A-8C11-BE24278530CF}.Release|Any CPU.Build.0 = Release|Any CPU
		{E96D6952-1F47-493A-8C11-BE24278530CF}.Release|x64.ActiveCfg = Release|Any CPU
		{E96D6952-1F47-493A-8C11-BE24278530CF}.Release|x64.Build.0 = Release|Any CPU
		{E96D6952-1F47-493A-8C11-BE24278530CF}.Release|x86.ActiveCfg = Release|Any CPU
		{E96D6952-1F47-493A-8C11-BE24278530CF}.Release|x86.Build.0 = Release|Any CPU
		{D35D6BFF-66E7-4956-A69F-F354C649CC41}.Debug|Any CPU.ActiveCfg = Debug|Any CPU
		{D35D6BFF-66E7-4956-A69F-F354C649CC41}.Debug|Any CPU.Build.0 = Debug|Any CPU
		{D35D6BFF-66E7-4956-A69F-F354C649CC41}.Debug|x64.ActiveCfg = Debug|Any CPU
		{D35D6BFF-66E7-4956-A69F-F354C649CC41}.Debug|x64.Build.0 = Debug|Any CPU
		{D35D6BFF-66E7-4956-A69F-F354C649CC41}.Debug|x86.ActiveCfg = Debug|Any CPU
		{D35D6BFF-66E7-4956-A69F-F354C649CC41}.Debug|x86.Build.0 = Debug|Any CPU
		{D35D6BFF-66E7-4956-A69F-F354C649CC41}.Release|Any CPU.ActiveCfg = Release|Any CPU
		{D35D6BFF-66E7-4956-A69F-F354C649CC41}.Release|Any CPU.Build.0 = Release|Any CPU
		{D35D6BFF-66E7-4956-A69F-F354C649CC41}.Release|x64.ActiveCfg = Release|Any CPU
		{D35D6BFF-66E7-4956-A69F-F354C649CC41}.Release|x64.Build.0 = Release|Any CPU
		{D35D6BFF-66E7-4956-A69F-F354C649CC41}.Release|x86.ActiveCfg = Release|Any CPU
		{D35D6BFF-66E7-4956-A69F-F354C649CC41}.Release|x86.Build.0 = Release|Any CPU
		{FB630922-2CA7-4368-9B02-6975250C4348}.Debug|Any CPU.ActiveCfg = Debug|Any CPU
		{FB630922-2CA7-4368-9B02-6975250C4348}.Debug|Any CPU.Build.0 = Debug|Any CPU
		{FB630922-2CA7-4368-9B02-6975250C4348}.Debug|x64.ActiveCfg = Debug|Any CPU
		{FB630922-2CA7-4368-9B02-6975250C4348}.Debug|x64.Build.0 = Debug|Any CPU
		{FB630922-2CA7-4368-9B02-6975250C4348}.Debug|x86.ActiveCfg = Debug|Any CPU
		{FB630922-2CA7-4368-9B02-6975250C4348}.Debug|x86.Build.0 = Debug|Any CPU
		{FB630922-2CA7-4368-9B02-6975250C4348}.Release|Any CPU.ActiveCfg = Release|Any CPU
		{FB630922-2CA7-4368-9B02-6975250C4348}.Release|Any CPU.Build.0 = Release|Any CPU
		{FB630922-2CA7-4368-9B02-6975250C4348}.Release|x64.ActiveCfg = Release|Any CPU
		{FB630922-2CA7-4368-9B02-6975250C4348}.Release|x64.Build.0 = Release|Any CPU
		{FB630922-2CA7-4368-9B02-6975250C4348}.Release|x86.ActiveCfg = Release|Any CPU
		{FB630922-2CA7-4368-9B02-6975250C4348}.Release|x86.Build.0 = Release|Any CPU
		{74CAD10E-C883-4924-8B13-AF048D361137}.Debug|Any CPU.ActiveCfg = Debug|Any CPU
		{74CAD10E-C883-4924-8B13-AF048D361137}.Debug|Any CPU.Build.0 = Debug|Any CPU
		{74CAD10E-C883-4924-8B13-AF048D361137}.Debug|x64.ActiveCfg = Debug|Any CPU
		{74CAD10E-C883-4924-8B13-AF048D361137}.Debug|x64.Build.0 = Debug|Any CPU
		{74CAD10E-C883-4924-8B13-AF048D361137}.Debug|x86.ActiveCfg = Debug|Any CPU
		{74CAD10E-C883-4924-8B13-AF048D361137}.Debug|x86.Build.0 = Debug|Any CPU
		{74CAD10E-C883-4924-8B13-AF048D361137}.Release|Any CPU.ActiveCfg = Release|Any CPU
		{74CAD10E-C883-4924-8B13-AF048D361137}.Release|Any CPU.Build.0 = Release|Any CPU
		{74CAD10E-C883-4924-8B13-AF048D361137}.Release|x64.ActiveCfg = Release|Any CPU
		{74CAD10E-C883-4924-8B13-AF048D361137}.Release|x64.Build.0 = Release|Any CPU
		{74CAD10E-C883-4924-8B13-AF048D361137}.Release|x86.ActiveCfg = Release|Any CPU
		{74CAD10E-C883-4924-8B13-AF048D361137}.Release|x86.Build.0 = Release|Any CPU
	EndGlobalSection
	GlobalSection(SolutionProperties) = preSolution
		HideSolutionNode = FALSE
	EndGlobalSection
	GlobalSection(NestedProjects) = preSolution
		{1DC0409A-1FB9-4999-820A-DC9D6978EA55} = {827E0CD3-B72D-47B6-A68D-7590B98EB39B}
		{A3CADFCC-34D1-4223-9AB3-F3141EAE7D29} = {827E0CD3-B72D-47B6-A68D-7590B98EB39B}
		{43C1F9BF-6DDE-47F3-9809-097775C478F5} = {827E0CD3-B72D-47B6-A68D-7590B98EB39B}
		{72910785-B4A4-47C4-BA95-4E15B28685E5} = {827E0CD3-B72D-47B6-A68D-7590B98EB39B}
		{31DDDB3C-4DA7-47C3-8181-2E103E67D970} = {827E0CD3-B72D-47B6-A68D-7590B98EB39B}
		{2AA4412F-3CDA-432B-917B-B9FEB250DEA5} = {0AB3BF05-4346-4AA6-1389-037BE0695223}
		{291FC3B2-BED5-4586-92A6-E4AFA6955D23} = {0AB3BF05-4346-4AA6-1389-037BE0695223}
		{9D6FD6A6-E6D8-4A50-BD11-0081C26A9443} = {0AB3BF05-4346-4AA6-1389-037BE0695223}
		{DD3C71FA-0C9E-4ECF-8C60-6FE32BB740A2} = {0AB3BF05-4346-4AA6-1389-037BE0695223}
		{D7D9BB12-C132-4E46-BBFF-B517B0CB29BE} = {0AB3BF05-4346-4AA6-1389-037BE0695223}
		{E9F90125-EB2C-46FD-9354-CCCB8C51DAEC} = {0AB3BF05-4346-4AA6-1389-037BE0695223}
		{F74265EA-597B-4A20-86F9-017C5E3D3B01} = {5D20AA90-6969-D8BD-9DCD-8634F4692FDA}
		{EB30CECB-766C-470E-84A2-B4DC973A3C27} = {5D20AA90-6969-D8BD-9DCD-8634F4692FDA}
		{73FD54D8-E38A-4566-8388-5F1EE177FA9E} = {5D20AA90-6969-D8BD-9DCD-8634F4692FDA}
		{3B980793-4571-4852-8616-D29F189682BC} = {5D20AA90-6969-D8BD-9DCD-8634F4692FDA}
		{DBFAA03D-DD9F-4F55-B773-D38D176FC18D} = {5D20AA90-6969-D8BD-9DCD-8634F4692FDA}
		{2742C2DC-034E-4AD5-8BBD-8634F06726A5} = {5D20AA90-6969-D8BD-9DCD-8634F4692FDA}
		{55E9C5DA-0133-4AF6-A37F-845E609DB6B5} = {5D20AA90-6969-D8BD-9DCD-8634F4692FDA}
		{4B7B9398-D688-4BA6-9C9C-EA9E4673F031} = {5D20AA90-6969-D8BD-9DCD-8634F4692FDA}
		{E20749B4-4D84-4A72-9AC4-4271ACB909A4} = {5D20AA90-6969-D8BD-9DCD-8634F4692FDA}
		{01469CF4-2898-4427-900B-CE270D90C4A6} = {5D20AA90-6969-D8BD-9DCD-8634F4692FDA}
		{06FCE23C-9069-4AFF-916A-BC21A674D0D0} = {5D20AA90-6969-D8BD-9DCD-8634F4692FDA}
		{A87A04E7-1C8B-40C5-8F91-FE33E3EF0AB6} = {5D20AA90-6969-D8BD-9DCD-8634F4692FDA}
		{00FB16C6-ECC7-47E3-A3E6-EE238BDC0066} = {5D20AA90-6969-D8BD-9DCD-8634F4692FDA}
		{C0A246CC-B295-4D49-91E9-38A64C55B476} = {B554F44C-BC1A-140C-1D5D-67ADEC712783}
		{CEA8B4AD-DD37-4B3F-9DBB-2BE9E1531915} = {5D20AA90-6969-D8BD-9DCD-8634F4692FDA}
		{0010E50F-C9F9-D61C-7908-48DB859F357C} = {B554F44C-BC1A-140C-1D5D-67ADEC712783}
		{300482C0-B884-49BF-8021-1824B8765DD3} = {0010E50F-C9F9-D61C-7908-48DB859F357C}
		{51E1FF21-0147-325E-BF9F-837D1C0DC671} = {B554F44C-BC1A-140C-1D5D-67ADEC712783}
		{BCAF3445-C1E3-4260-A35B-37C620F7507E} = {51E1FF21-0147-325E-BF9F-837D1C0DC671}
		{189960B5-5ED3-831C-6560-754D93EF961D} = {B554F44C-BC1A-140C-1D5D-67ADEC712783}
		{E96D6952-1F47-493A-8C11-BE24278530CF} = {189960B5-5ED3-831C-6560-754D93EF961D}
		{AA4E32FC-56B2-C72E-60FC-95F431031FA2} = {B554F44C-BC1A-140C-1D5D-67ADEC712783}
		{D35D6BFF-66E7-4956-A69F-F354C649CC41} = {AA4E32FC-56B2-C72E-60FC-95F431031FA2}
		{FB630922-2CA7-4368-9B02-6975250C4348} = {827E0CD3-B72D-47B6-A68D-7590B98EB39B}
		{74CAD10E-C883-4924-8B13-AF048D361137} = {0AB3BF05-4346-4AA6-1389-037BE0695223}
	EndGlobalSection
EndGlobal
